
Microsoft Visual Studio Solution File, Format Version 12.00
# Visual Studio Version 17
VisualStudioVersion = 17.0.31903.59
MinimumVisualStudioVersion = 10.0.40219.1
Project("{2150E333-8FDC-42A3-9474-1A3956D46DE8}") = "src", "src", "{827E0CD3-B72D-47B6-A68D-7590B98EB39B}"
EndProject
Project("{FAE04EC0-301F-11D3-BF4B-00C04F79EFBC}") = "McpAgent.Core", "src\McpAgent.Core\McpAgent.Core.csproj", "{2AEBDEAB-7A6A-440F-BED8-BDAA36882F2D}"
EndProject
Project("{FAE04EC0-301F-11D3-BF4B-00C04F79EFBC}") = "McpAgent.EventStore", "src\McpAgent.EventStore\McpAgent.EventStore.csproj", "{727ED97B-948D-4521-AD6F-84F30E0BD9CB}"
EndProject
Project("{FAE04EC0-301F-11D3-BF4B-00C04F79EFBC}") = "McpAgent.Server", "src\McpAgent.Server\McpAgent.Server.csproj", "{0ACF9ADF-94C0-4378-88AC-106FC61B71C4}"
EndProject
Project("{FAE04EC0-301F-11D3-BF4B-00C04F79EFBC}") = "McpAgent.Client", "src\McpAgent.Client\McpAgent.Client.csproj", "{00D1FB43-4D34-43A4-A19F-49F44A8EE5F8}"
EndProject
Project("{2150E333-8FDC-42A3-9474-1A3956D46DE8}") = "tests", "tests", "{0AB3BF05-4346-4AA6-1389-037BE0695223}"
EndProject
Project("{FAE04EC0-301F-11D3-BF4B-00C04F79EFBC}") = "McpAgent.Core.Tests", "tests\McpAgent.Core.Tests\McpAgent.Core.Tests.csproj", "{0FDAD762-D9AD-44EB-BBC9-FF5DC40B1EE1}"
EndProject
Project("{FAE04EC0-301F-11D3-BF4B-00C04F79EFBC}") = "McpAgent.Server.Tests", "tests\McpAgent.Server.Tests\McpAgent.Server.Tests.csproj", "{A4F8008E-31A2-4DF5-B7E8-F98D331D18F2}"
EndProject
Project("{FAE04EC0-301F-11D3-BF4B-00C04F79EFBC}") = "McpAgent.Client.Tests", "tests\McpAgent.Client.Tests\McpAgent.Client.Tests.csproj", "{135A8C7A-F851-4DC2-8FA5-9EC00C56023B}"
EndProject
Project("{FAE04EC0-301F-11D3-BF4B-00C04F79EFBC}") = "McpAgent.Integration.Tests", "tests\McpAgent.Integration.Tests\McpAgent.Integration.Tests.csproj", "{74C08CF7-C380-4684-B89C-C4E7F68EACE5}"
EndProject
Global
	GlobalSection(SolutionConfigurationPlatforms) = preSolution
		Debug|Any CPU = Debug|Any CPU
		Debug|x64 = Debug|x64
		Debug|x86 = Debug|x86
		Release|Any CPU = Release|Any CPU
		Release|x64 = Release|x64
		Release|x86 = Release|x86
	EndGlobalSection
	GlobalSection(ProjectConfigurationPlatforms) = postSolution
		{2AEBDEAB-7A6A-440F-BED8-BDAA36882F2D}.Debug|Any CPU.ActiveCfg = Debug|Any CPU
		{2AEBDEAB-7A6A-440F-BED8-BDAA36882F2D}.Debug|Any CPU.Build.0 = Debug|Any CPU
		{2AEBDEAB-7A6A-440F-BED8-BDAA36882F2D}.Debug|x64.ActiveCfg = Debug|Any CPU
		{2AEBDEAB-7A6A-440F-BED8-BDAA36882F2D}.Debug|x64.Build.0 = Debug|Any CPU
		{2AEBDEAB-7A6A-440F-BED8-BDAA36882F2D}.Debug|x86.ActiveCfg = Debug|Any CPU
		{2AEBDEAB-7A6A-440F-BED8-BDAA36882F2D}.Debug|x86.Build.0 = Debug|Any CPU
		{2AEBDEAB-7A6A-440F-BED8-BDAA36882F2D}.Release|Any CPU.ActiveCfg = Release|Any CPU
		{2AEBDEAB-7A6A-440F-BED8-BDAA36882F2D}.Release|Any CPU.Build.0 = Release|Any CPU
		{2AEBDEAB-7A6A-440F-BED8-BDAA36882F2D}.Release|x64.ActiveCfg = Release|Any CPU
		{2AEBDEAB-7A6A-440F-BED8-BDAA36882F2D}.Release|x64.Build.0 = Release|Any CPU
		{2AEBDEAB-7A6A-440F-BED8-BDAA36882F2D}.Release|x86.ActiveCfg = Release|Any CPU
		{2AEBDEAB-7A6A-440F-BED8-BDAA36882F2D}.Release|x86.Build.0 = Release|Any CPU
		{727ED97B-948D-4521-AD6F-84F30E0BD9CB}.Debug|Any CPU.ActiveCfg = Debug|Any CPU
		{727ED97B-948D-4521-AD6F-84F30E0BD9CB}.Debug|Any CPU.Build.0 = Debug|Any CPU
		{727ED97B-948D-4521-AD6F-84F30E0BD9CB}.Debug|x64.ActiveCfg = Debug|Any CPU
		{727ED97B-948D-4521-AD6F-84F30E0BD9CB}.Debug|x64.Build.0 = Debug|Any CPU
		{727ED97B-948D-4521-AD6F-84F30E0BD9CB}.Debug|x86.ActiveCfg = Debug|Any CPU
		{727ED97B-948D-4521-AD6F-84F30E0BD9CB}.Debug|x86.Build.0 = Debug|Any CPU
		{727ED97B-948D-4521-AD6F-84F30E0BD9CB}.Release|Any CPU.ActiveCfg = Release|Any CPU
		{727ED97B-948D-4521-AD6F-84F30E0BD9CB}.Release|Any CPU.Build.0 = Release|Any CPU
		{727ED97B-948D-4521-AD6F-84F30E0BD9CB}.Release|x64.ActiveCfg = Release|Any CPU
		{727ED97B-948D-4521-AD6F-84F30E0BD9CB}.Release|x64.Build.0 = Release|Any CPU
		{727ED97B-948D-4521-AD6F-84F30E0BD9CB}.Release|x86.ActiveCfg = Release|Any CPU
		{727ED97B-948D-4521-AD6F-84F30E0BD9CB}.Release|x86.Build.0 = Release|Any CPU
		{0ACF9ADF-94C0-4378-88AC-106FC61B71C4}.Debug|Any CPU.ActiveCfg = Debug|Any CPU
		{0ACF9ADF-94C0-4378-88AC-106FC61B71C4}.Debug|Any CPU.Build.0 = Debug|Any CPU
		{0ACF9ADF-94C0-4378-88AC-106FC61B71C4}.Debug|x64.ActiveCfg = Debug|Any CPU
		{0ACF9ADF-94C0-4378-88AC-106FC61B71C4}.Debug|x64.Build.0 = Debug|Any CPU
		{0ACF9ADF-94C0-4378-88AC-106FC61B71C4}.Debug|x86.ActiveCfg = Debug|Any CPU
		{0ACF9ADF-94C0-4378-88AC-106FC61B71C4}.Debug|x86.Build.0 = Debug|Any CPU
		{0ACF9ADF-94C0-4378-88AC-106FC61B71C4}.Release|Any CPU.ActiveCfg = Release|Any CPU
		{0ACF9ADF-94C0-4378-88AC-106FC61B71C4}.Release|Any CPU.Build.0 = Release|Any CPU
		{0ACF9ADF-94C0-4378-88AC-106FC61B71C4}.Release|x64.ActiveCfg = Release|Any CPU
		{0ACF9ADF-94C0-4378-88AC-106FC61B71C4}.Release|x64.Build.0 = Release|Any CPU
		{0ACF9ADF-94C0-4378-88AC-106FC61B71C4}.Release|x86.ActiveCfg = Release|Any CPU
		{0ACF9ADF-94C0-4378-88AC-106FC61B71C4}.Release|x86.Build.0 = Release|Any CPU
		{00D1FB43-4D34-43A4-A19F-49F44A8EE5F8}.Debug|Any CPU.ActiveCfg = Debug|Any CPU
		{00D1FB43-4D34-43A4-A19F-49F44A8EE5F8}.Debug|Any CPU.Build.0 = Debug|Any CPU
		{00D1FB43-4D34-43A4-A19F-49F44A8EE5F8}.Debug|x64.ActiveCfg = Debug|Any CPU
		{00D1FB43-4D34-43A4-A19F-49F44A8EE5F8}.Debug|x64.Build.0 = Debug|Any CPU
		{00D1FB43-4D34-43A4-A19F-49F44A8EE5F8}.Debug|x86.ActiveCfg = Debug|Any CPU
		{00D1FB43-4D34-43A4-A19F-49F44A8EE5F8}.Debug|x86.Build.0 = Debug|Any CPU
		{00D1FB43-4D34-43A4-A19F-49F44A8EE5F8}.Release|Any CPU.ActiveCfg = Release|Any CPU
		{00D1FB43-4D34-43A4-A19F-49F44A8EE5F8}.Release|Any CPU.Build.0 = Release|Any CPU
		{00D1FB43-4D34-43A4-A19F-49F44A8EE5F8}.Release|x64.ActiveCfg = Release|Any CPU
		{00D1FB43-4D34-43A4-A19F-49F44A8EE5F8}.Release|x64.Build.0 = Release|Any CPU
		{00D1FB43-4D34-43A4-A19F-49F44A8EE5F8}.Release|x86.ActiveCfg = Release|Any CPU
		{00D1FB43-4D34-43A4-A19F-49F44A8EE5F8}.Release|x86.Build.0 = Release|Any CPU
		{0FDAD762-D9AD-44EB-BBC9-FF5DC40B1EE1}.Debug|Any CPU.ActiveCfg = Debug|Any CPU
		{0FDAD762-D9AD-44EB-BBC9-FF5DC40B1EE1}.Debug|Any CPU.Build.0 = Debug|Any CPU
		{0FDAD762-D9AD-44EB-BBC9-FF5DC40B1EE1}.Debug|x64.ActiveCfg = Debug|Any CPU
		{0FDAD762-D9AD-44EB-BBC9-FF5DC40B1EE1}.Debug|x64.Build.0 = Debug|Any CPU
		{0FDAD762-D9AD-44EB-BBC9-FF5DC40B1EE1}.Debug|x86.ActiveCfg = Debug|Any CPU
		{0FDAD762-D9AD-44EB-BBC9-FF5DC40B1EE1}.Debug|x86.Build.0 = Debug|Any CPU
		{0FDAD762-D9AD-44EB-BBC9-FF5DC40B1EE1}.Release|Any CPU.ActiveCfg = Release|Any CPU
		{0FDAD762-D9AD-44EB-BBC9-FF5DC40B1EE1}.Release|Any CPU.Build.0 = Release|Any CPU
		{0FDAD762-D9AD-44EB-BBC9-FF5DC40B1EE1}.Release|x64.ActiveCfg = Release|Any CPU
		{0FDAD762-D9AD-44EB-BBC9-FF5DC40B1EE1}.Release|x64.Build.0 = Release|Any CPU
		{0FDAD762-D9AD-44EB-BBC9-FF5DC40B1EE1}.Release|x86.ActiveCfg = Release|Any CPU
		{0FDAD762-D9AD-44EB-BBC9-FF5DC40B1EE1}.Release|x86.Build.0 = Release|Any CPU
		{A4F8008E-31A2-4DF5-B7E8-F98D331D18F2}.Debug|Any CPU.ActiveCfg = Debug|Any CPU
		{A4F8008E-31A2-4DF5-B7E8-F98D331D18F2}.Debug|Any CPU.Build.0 = Debug|Any CPU
		{A4F8008E-31A2-4DF5-B7E8-F98D331D18F2}.Debug|x64.ActiveCfg = Debug|Any CPU
		{A4F8008E-31A2-4DF5-B7E8-F98D331D18F2}.Debug|x64.Build.0 = Debug|Any CPU
		{A4F8008E-31A2-4DF5-B7E8-F98D331D18F2}.Debug|x86.ActiveCfg = Debug|Any CPU
		{A4F8008E-31A2-4DF5-B7E8-F98D331D18F2}.Debug|x86.Build.0 = Debug|Any CPU
		{A4F8008E-31A2-4DF5-B7E8-F98D331D18F2}.Release|Any CPU.ActiveCfg = Release|Any CPU
		{A4F8008E-31A2-4DF5-B7E8-F98D331D18F2}.Release|Any CPU.Build.0 = Release|Any CPU
		{A4F8008E-31A2-4DF5-B7E8-F98D331D18F2}.Release|x64.ActiveCfg = Release|Any CPU
		{A4F8008E-31A2-4DF5-B7E8-F98D331D18F2}.Release|x64.Build.0 = Release|Any CPU
		{A4F8008E-31A2-4DF5-B7E8-F98D331D18F2}.Release|x86.ActiveCfg = Release|Any CPU
		{A4F8008E-31A2-4DF5-B7E8-F98D331D18F2}.Release|x86.Build.0 = Release|Any CPU
		{135A8C7A-F851-4DC2-8FA5-9EC00C56023B}.Debug|Any CPU.ActiveCfg = Debug|Any CPU
		{135A8C7A-F851-4DC2-8FA5-9EC00C56023B}.Debug|Any CPU.Build.0 = Debug|Any CPU
		{135A8C7A-F851-4DC2-8FA5-9EC00C56023B}.Debug|x64.ActiveCfg = Debug|Any CPU
		{135A8C7A-F851-4DC2-8FA5-9EC00C56023B}.Debug|x64.Build.0 = Debug|Any CPU
		{135A8C7A-F851-4DC2-8FA5-9EC00C56023B}.Debug|x86.ActiveCfg = Debug|Any CPU
		{135A8C7A-F851-4DC2-8FA5-9EC00C56023B}.Debug|x86.Build.0 = Debug|Any CPU
		{135A8C7A-F851-4DC2-8FA5-9EC00C56023B}.Release|Any CPU.ActiveCfg = Release|Any CPU
		{135A8C7A-F851-4DC2-8FA5-9EC00C56023B}.Release|Any CPU.Build.0 = Release|Any CPU
		{135A8C7A-F851-4DC2-8FA5-9EC00C56023B}.Release|x64.ActiveCfg = Release|Any CPU
		{135A8C7A-F851-4DC2-8FA5-9EC00C56023B}.Release|x64.Build.0 = Release|Any CPU
		{135A8C7A-F851-4DC2-8FA5-9EC00C56023B}.Release|x86.ActiveCfg = Release|Any CPU
		{135A8C7A-F851-4DC2-8FA5-9EC00C56023B}.Release|x86.Build.0 = Release|Any CPU
		{74C08CF7-C380-4684-B89C-C4E7F68EACE5}.Debug|Any CPU.ActiveCfg = Debug|Any CPU
		{74C08CF7-C380-4684-B89C-C4E7F68EACE5}.Debug|Any CPU.Build.0 = Debug|Any CPU
		{74C08CF7-C380-4684-B89C-C4E7F68EACE5}.Debug|x64.ActiveCfg = Debug|Any CPU
		{74C08CF7-C380-4684-B89C-C4E7F68EACE5}.Debug|x64.Build.0 = Debug|Any CPU
		{74C08CF7-C380-4684-B89C-C4E7F68EACE5}.Debug|x86.ActiveCfg = Debug|Any CPU
		{74C08CF7-C380-4684-B89C-C4E7F68EACE5}.Debug|x86.Build.0 = Debug|Any CPU
		{74C08CF7-C380-4684-B89C-C4E7F68EACE5}.Release|Any CPU.ActiveCfg = Release|Any CPU
		{74C08CF7-C380-4684-B89C-C4E7F68EACE5}.Release|Any CPU.Build.0 = Release|Any CPU
		{74C08CF7-C380-4684-B89C-C4E7F68EACE5}.Release|x64.ActiveCfg = Release|Any CPU
		{74C08CF7-C380-4684-B89C-C4E7F68EACE5}.Release|x64.Build.0 = Release|Any CPU
		{74C08CF7-C380-4684-B89C-C4E7F68EACE5}.Release|x86.ActiveCfg = Release|Any CPU
		{74C08CF7-C380-4684-B89C-C4E7F68EACE5}.Release|x86.Build.0 = Release|Any CPU
	EndGlobalSection
	GlobalSection(SolutionProperties) = preSolution
		HideSolutionNode = FALSE
	EndGlobalSection
	GlobalSection(NestedProjects) = preSolution
		{2AEBDEAB-7A6A-440F-BED8-BDAA36882F2D} = {827E0CD3-B72D-47B6-A68D-7590B98EB39B}
		{727ED97B-948D-4521-AD6F-84F30E0BD9CB} = {827E0CD3-B72D-47B6-A68D-7590B98EB39B}
		{0ACF9ADF-94C0-4378-88AC-106FC61B71C4} = {827E0CD3-B72D-47B6-A68D-7590B98EB39B}
		{00D1FB43-4D34-43A4-A19F-49F44A8EE5F8} = {827E0CD3-B72D-47B6-A68D-7590B98EB39B}
		{0FDAD762-D9AD-44EB-BBC9-FF5DC40B1EE1} = {0AB3BF05-4346-4AA6-1389-037BE0695223}
		{A4F8008E-31A2-4DF5-B7E8-F98D331D18F2} = {0AB3BF05-4346-4AA6-1389-037BE0695223}
		{135A8C7A-F851-4DC2-8FA5-9EC00C56023B} = {0AB3BF05-4346-4AA6-1389-037BE0695223}
		{74C08CF7-C380-4684-B89C-C4E7F68EACE5} = {0AB3BF05-4346-4AA6-1389-037BE0695223}
	EndGlobalSection
EndGlobal
